
Microsoft Visual Studio Solution File, Format Version 12.00
# Visual Studio 15
VisualStudioVersion = 15.0.27703.2035
MinimumVisualStudioVersion = 10.0.40219.1
Project("{FAE04EC0-301F-11D3-BF4B-00C04F79EFBC}") = "Jbet.Api", "src\Jbet.Api\Jbet.Api.csproj", "{C888BFF4-A96D-470B-A7A6-802A6C21C732}"
EndProject
Global
	GlobalSection(SolutionConfigurationPlatforms) = preSolution
		Debug|Any CPU = Debug|Any CPU
		Release|Any CPU = Release|Any CPU
	EndGlobalSection
	GlobalSection(ProjectConfigurationPlatforms) = postSolution
		{C888BFF4-A96D-470B-A7A6-802A6C21C732}.Debug|Any CPU.ActiveCfg = Debug|Any CPU
		{C888BFF4-A96D-470B-A7A6-802A6C21C732}.Debug|Any CPU.Build.0 = Debug|Any CPU
		{C888BFF4-A96D-470B-A7A6-802A6C21C732}.Release|Any CPU.ActiveCfg = Release|Any CPU
		{C888BFF4-A96D-470B-A7A6-802A6C21C732}.Release|Any CPU.Build.0 = Release|Any CPU
	EndGlobalSection
	GlobalSection(SolutionProperties) = preSolution
		HideSolutionNode = FALSE
	EndGlobalSection
	GlobalSection(ExtensibilityGlobals) = postSolution
		SolutionGuid = {9561C21E-7212-45C8-8088-99B1984F4F94}
	EndGlobalSection
EndGlobal
